
Microsoft Visual Studio Solution File, Format Version 12.00
# Visual Studio 15
VisualStudioVersion = 15.0.27004.2006
MinimumVisualStudioVersion = 10.0.40219.1
Project("{FAE04EC0-301F-11D3-BF4B-00C04F79EFBC}") = "RazorPagesMovie", "RazorPagesMovie\RazorPagesMovie.csproj", "{96F3F1C5-8615-4D53-A154-EEEBD7B1A614}"
EndProject
Global
	GlobalSection(SolutionConfigurationPlatforms) = preSolution
		Debug|Any CPU = Debug|Any CPU
		Release|Any CPU = Release|Any CPU
	EndGlobalSection
	GlobalSection(ProjectConfigurationPlatforms) = postSolution
		{96F3F1C5-8615-4D53-A154-EEEBD7B1A614}.Debug|Any CPU.ActiveCfg = Debug|Any CPU
		{96F3F1C5-8615-4D53-A154-EEEBD7B1A614}.Debug|Any CPU.Build.0 = Debug|Any CPU
		{96F3F1C5-8615-4D53-A154-EEEBD7B1A614}.Release|Any CPU.ActiveCfg = Release|Any CPU
		{96F3F1C5-8615-4D53-A154-EEEBD7B1A614}.Release|Any CPU.Build.0 = Release|Any CPU
	EndGlobalSection
	GlobalSection(SolutionProperties) = preSolution
		HideSolutionNode = FALSE
	EndGlobalSection
	GlobalSection(ExtensibilityGlobals) = postSolution
		SolutionGuid = {5C2B10AD-3039-4E48-86CD-02FA0ABBF649}
	EndGlobalSection
EndGlobal
